<Solution>
  <Project Path="BankingApp.Application/BankingApp.Application.csproj" />
  <Project Path="BankingApp.Domain.Tests/BankingApp.Domain.Tests.csproj" />
  <Project Path="BankingApp.Domain/BankingApp.Domain.csproj" />
  <Project Path="BankingApp.Infrastructure/BankingApp.Infrastructure.csproj" />
  <Project Path="BankingApp.UI/BankingApp.UI.csproj" />
  <Project Path="BankingApp.WebAPI/BankingApp.WebAPI.csproj" />
</Solution>
